# This file is automatically @generated by Cargo.
# It is not intended for manual editing.
version = 4

[[package]]
name = "anyhow"
version = "1.0.98"
source = "registry+https://github.com/rust-lang/crates.io-index"
checksum = "e16d2d3311acee920a9eb8d33b8cbc1787ce4a264e85f964c2404b969bdcd487"

[[package]]
name = "distance_attr"
version = "0.1.0"
dependencies = [
 "types",
]

[[package]]
name = "double_linked_list"
version = "0.1.0"

[[package]]
name = "flight_range_attr"
version = "0.1.0"
dependencies = [
 "types",
]

[[package]]
name = "lazy_static"
version = "1.5.0"
source = "registry+https://github.com/rust-lang/crates.io-index"
checksum = "bbd2bcb4c963f2ddae06a2efc7e9f3591312473c50c6685e1f298068316e66fe"

[[package]]
name = "list_of_objects"
version = "0.1.0"
dependencies = [
 "anyhow",
 "double_linked_list",
 "object",
 "types",
]

[[package]]
name = "load_capacity_attr"
version = "0.1.0"
dependencies = [
 "types",
]

[[package]]
name = "main"
version = "0.1.0"
dependencies = [
 "anyhow",
 "distance_attr",
 "double_linked_list",
 "flight_range_attr",
 "lazy_static",
 "list_of_objects",
 "load_capacity_attr",
 "object",
 "plane_type",
 "speed_attr",
 "train_type",
 "transport_type",
 "types",
 "wagon_number_attr",
]

[[package]]
name = "object"
version = "0.1.0"

[[package]]
name = "plane_type"
version = "0.1.0"
dependencies = [
 "types",
]

[[package]]
name = "speed_attr"
version = "0.1.0"
dependencies = [
 "types",
]

[[package]]
name = "train_type"
version = "0.1.0"
dependencies = [
 "types",
]

[[package]]
name = "transport_type"
version = "0.1.0"
dependencies = [
 "types",
]

[[package]]
name = "types"
version = "0.1.0"
dependencies = [
 "anyhow",
 "lazy_static",
 "object",
]

[[package]]
name = "wagon_number_attr"
version = "0.1.0"
dependencies = [
 "types",
]
